
Microsoft Visual Studio Solution File, Format Version 12.00
# Visual Studio Version 16
VisualStudioVersion = 16.0.30114.105
MinimumVisualStudioVersion = 10.0.40219.1
Project("{FAE04EC0-301F-11D3-BF4B-00C04F79EFBC}") = "SimpleApi", "SimpleApi\SimpleApi.csproj", "{6A3D1A19-19F6-45C6-A7EA-9C690E3841FA}"
EndProject
Project("{2150E333-8FDC-42A3-9474-1A3956D46DE8}") = "Test", "Test", "{8869146C-2CB2-48A1-AFA5-3A0E63C559F6}"
EndProject
Project("{FAE04EC0-301F-11D3-BF4B-00C04F79EFBC}") = "SimpleApi.tests", "Test\SimpleApi.tests\SimpleApi.tests.csproj", "{6D68DFC7-0462-434C-9150-E1599A674443}"
EndProject
Global
	GlobalSection(SolutionConfigurationPlatforms) = preSolution
		Debug|Any CPU = Debug|Any CPU
		Release|Any CPU = Release|Any CPU
	EndGlobalSection
	GlobalSection(SolutionProperties) = preSolution
		HideSolutionNode = FALSE
	EndGlobalSection
	GlobalSection(ProjectConfigurationPlatforms) = postSolution
		{6A3D1A19-19F6-45C6-A7EA-9C690E3841FA}.Debug|Any CPU.ActiveCfg = Debug|Any CPU
		{6A3D1A19-19F6-45C6-A7EA-9C690E3841FA}.Debug|Any CPU.Build.0 = Debug|Any CPU
		{6A3D1A19-19F6-45C6-A7EA-9C690E3841FA}.Release|Any CPU.ActiveCfg = Release|Any CPU
		{6A3D1A19-19F6-45C6-A7EA-9C690E3841FA}.Release|Any CPU.Build.0 = Release|Any CPU
		{6D68DFC7-0462-434C-9150-E1599A674443}.Debug|Any CPU.ActiveCfg = Debug|Any CPU
		{6D68DFC7-0462-434C-9150-E1599A674443}.Debug|Any CPU.Build.0 = Debug|Any CPU
		{6D68DFC7-0462-434C-9150-E1599A674443}.Release|Any CPU.ActiveCfg = Release|Any CPU
		{6D68DFC7-0462-434C-9150-E1599A674443}.Release|Any CPU.Build.0 = Release|Any CPU
	EndGlobalSection
	GlobalSection(NestedProjects) = preSolution
		{6D68DFC7-0462-434C-9150-E1599A674443} = {8869146C-2CB2-48A1-AFA5-3A0E63C559F6}
	EndGlobalSection
EndGlobal
